{
  "requires": true,
  "lockfileVersion": 1,
  "dependencies": {
    "mongoose": {
      "version": "file:mongoose",
      "dependencies": {
        "mongoose": {
          "version": "1.0.0",
          "bundled": true,
          "dependencies": {
            "mongoose": {
              "version": "",
              "bundled": true,
              "dependencies": {
                "mongoose": {
                  "version": "",
                  "bundled": true,
                  "dependencies": {
                    "mongoose": {
                      "version": "",
                      "bundled": true,
                      "dependencies": {
                        "mongoose": {
                          "version": "",
                          "bundled": true,
                          "dependencies": {
                            "mongoose": {
                              "version": "",
                              "bundled": true,
                              "dependencies": {
                                "mongoose": {
                                  "version": "",
                                  "bundled": true,
                                  "dependencies": {
                                    "mongoose": {
                                      "version": "",
                                      "bundled": true
                                    }
                                  }
                                }
                              }
                            }
                          }
                        }
                      }
                    }
                  }
                }
              }
            }
          }
        }
      }
    }
  }
}
